
Microsoft Visual Studio Solution File, Format Version 12.00
# Visual Studio Version 16
VisualStudioVersion = 16.0.30503.244
MinimumVisualStudioVersion = 10.0.40219.1
Project("{FAE04EC0-301F-11D3-BF4B-00C04F79EFBC}") = "Enums", "Enums\Enums.csproj", "{F47D71E2-0F09-4A77-A832-A29DA6BD8994}"
EndProject
Global
	GlobalSection(SolutionConfigurationPlatforms) = preSolution
		Debug|Any CPU = Debug|Any CPU
		Release|Any CPU = Release|Any CPU
	EndGlobalSection
	GlobalSection(ProjectConfigurationPlatforms) = postSolution
		{F47D71E2-0F09-4A77-A832-A29DA6BD8994}.Debug|Any CPU.ActiveCfg = Debug|Any CPU
		{F47D71E2-0F09-4A77-A832-A29DA6BD8994}.Debug|Any CPU.Build.0 = Debug|Any CPU
		{F47D71E2-0F09-4A77-A832-A29DA6BD8994}.Release|Any CPU.ActiveCfg = Release|Any CPU
		{F47D71E2-0F09-4A77-A832-A29DA6BD8994}.Release|Any CPU.Build.0 = Release|Any CPU
	EndGlobalSection
	GlobalSection(SolutionProperties) = preSolution
		HideSolutionNode = FALSE
	EndGlobalSection
	GlobalSection(ExtensibilityGlobals) = postSolution
		SolutionGuid = {78E94412-E5C9-4307-A562-8131AD6F4DA7}
	EndGlobalSection
EndGlobal
