
Microsoft Visual Studio Solution File, Format Version 12.00
# Visual Studio Version 16
VisualStudioVersion = 16.0.30503.244
MinimumVisualStudioVersion = 10.0.40219.1
Project("{FAE04EC0-301F-11D3-BF4B-00C04F79EFBC}") = "DateTimeTimeSpan", "DateTimeTimeSpan\DateTimeTimeSpan.csproj", "{BE704B55-F595-42BF-BC76-F1D97884BE3B}"
EndProject
Global
	GlobalSection(SolutionConfigurationPlatforms) = preSolution
		Debug|Any CPU = Debug|Any CPU
		Release|Any CPU = Release|Any CPU
	EndGlobalSection
	GlobalSection(ProjectConfigurationPlatforms) = postSolution
		{BE704B55-F595-42BF-BC76-F1D97884BE3B}.Debug|Any CPU.ActiveCfg = Debug|Any CPU
		{BE704B55-F595-42BF-BC76-F1D97884BE3B}.Debug|Any CPU.Build.0 = Debug|Any CPU
		{BE704B55-F595-42BF-BC76-F1D97884BE3B}.Release|Any CPU.ActiveCfg = Release|Any CPU
		{BE704B55-F595-42BF-BC76-F1D97884BE3B}.Release|Any CPU.Build.0 = Release|Any CPU
	EndGlobalSection
	GlobalSection(SolutionProperties) = preSolution
		HideSolutionNode = FALSE
	EndGlobalSection
	GlobalSection(ExtensibilityGlobals) = postSolution
		SolutionGuid = {F29EFAF7-9CDC-42F8-BB50-321914AEFD75}
	EndGlobalSection
EndGlobal
