
Microsoft Visual Studio Solution File, Format Version 12.00
# Visual Studio Version 16
VisualStudioVersion = 16.0.30503.244
MinimumVisualStudioVersion = 10.0.40219.1
Project("{FAE04EC0-301F-11D3-BF4B-00C04F79EFBC}") = "VariablesConstants", "VariablesConstants\VariablesConstants.csproj", "{BA22FEB8-ED4F-4E0D-87FE-DBC7EA7BD902}"
EndProject
Global
	GlobalSection(SolutionConfigurationPlatforms) = preSolution
		Debug|Any CPU = Debug|Any CPU
		Release|Any CPU = Release|Any CPU
	EndGlobalSection
	GlobalSection(ProjectConfigurationPlatforms) = postSolution
		{BA22FEB8-ED4F-4E0D-87FE-DBC7EA7BD902}.Debug|Any CPU.ActiveCfg = Debug|Any CPU
		{BA22FEB8-ED4F-4E0D-87FE-DBC7EA7BD902}.Debug|Any CPU.Build.0 = Debug|Any CPU
		{BA22FEB8-ED4F-4E0D-87FE-DBC7EA7BD902}.Release|Any CPU.ActiveCfg = Release|Any CPU
		{BA22FEB8-ED4F-4E0D-87FE-DBC7EA7BD902}.Release|Any CPU.Build.0 = Release|Any CPU
	EndGlobalSection
	GlobalSection(SolutionProperties) = preSolution
		HideSolutionNode = FALSE
	EndGlobalSection
	GlobalSection(ExtensibilityGlobals) = postSolution
		SolutionGuid = {1B1189AD-2C87-413B-9B11-C73E3CA47D7E}
	EndGlobalSection
EndGlobal
