
Microsoft Visual Studio Solution File, Format Version 12.00
# Visual Studio Version 16
VisualStudioVersion = 16.0.30503.244
MinimumVisualStudioVersion = 10.0.40219.1
Project("{FAE04EC0-301F-11D3-BF4B-00C04F79EFBC}") = "ForForEachWhileDoWhile", "ForForEachWhileDoWhile\ForForEachWhileDoWhile.csproj", "{FDFFC3D6-25F8-4675-8217-AB6997402D5E}"
EndProject
Global
	GlobalSection(SolutionConfigurationPlatforms) = preSolution
		Debug|Any CPU = Debug|Any CPU
		Release|Any CPU = Release|Any CPU
	EndGlobalSection
	GlobalSection(ProjectConfigurationPlatforms) = postSolution
		{FDFFC3D6-25F8-4675-8217-AB6997402D5E}.Debug|Any CPU.ActiveCfg = Debug|Any CPU
		{FDFFC3D6-25F8-4675-8217-AB6997402D5E}.Debug|Any CPU.Build.0 = Debug|Any CPU
		{FDFFC3D6-25F8-4675-8217-AB6997402D5E}.Release|Any CPU.ActiveCfg = Release|Any CPU
		{FDFFC3D6-25F8-4675-8217-AB6997402D5E}.Release|Any CPU.Build.0 = Release|Any CPU
	EndGlobalSection
	GlobalSection(SolutionProperties) = preSolution
		HideSolutionNode = FALSE
	EndGlobalSection
	GlobalSection(ExtensibilityGlobals) = postSolution
		SolutionGuid = {E85F1692-0268-46E1-823A-6FAA9C32906E}
	EndGlobalSection
EndGlobal
