
Microsoft Visual Studio Solution File, Format Version 12.00
# Visual Studio Version 16
VisualStudioVersion = 16.0.30503.244
MinimumVisualStudioVersion = 10.0.40219.1
Project("{FAE04EC0-301F-11D3-BF4B-00C04F79EFBC}") = "Operators", "Operators\Operators.csproj", "{1F42C440-5C5C-46E1-A686-F0002ECE9C23}"
EndProject
Global
	GlobalSection(SolutionConfigurationPlatforms) = preSolution
		Debug|Any CPU = Debug|Any CPU
		Release|Any CPU = Release|Any CPU
	EndGlobalSection
	GlobalSection(ProjectConfigurationPlatforms) = postSolution
		{1F42C440-5C5C-46E1-A686-F0002ECE9C23}.Debug|Any CPU.ActiveCfg = Debug|Any CPU
		{1F42C440-5C5C-46E1-A686-F0002ECE9C23}.Debug|Any CPU.Build.0 = Debug|Any CPU
		{1F42C440-5C5C-46E1-A686-F0002ECE9C23}.Release|Any CPU.ActiveCfg = Release|Any CPU
		{1F42C440-5C5C-46E1-A686-F0002ECE9C23}.Release|Any CPU.Build.0 = Release|Any CPU
	EndGlobalSection
	GlobalSection(SolutionProperties) = preSolution
		HideSolutionNode = FALSE
	EndGlobalSection
	GlobalSection(ExtensibilityGlobals) = postSolution
		SolutionGuid = {17F03614-4030-426F-B3AF-B9BC1D5F24FB}
	EndGlobalSection
EndGlobal
